
Microsoft Visual Studio Solution File, Format Version 12.00
# Visual Studio Version 17
VisualStudioVersion = 17.6.33829.357
MinimumVisualStudioVersion = 10.0.40219.1
Project("{FAE04EC0-301F-11D3-BF4B-00C04F79EFBC}") = "MobileApp", "MobileApp\MobileApp.csproj", "{0A321D05-15C0-4923-B0A9-92EC4736080A}"
EndProject
Global
	GlobalSection(SolutionConfigurationPlatforms) = preSolution
		Debug|Any CPU = Debug|Any CPU
		Release|Any CPU = Release|Any CPU
	EndGlobalSection
	GlobalSection(ProjectConfigurationPlatforms) = postSolution
		{0A321D05-15C0-4923-B0A9-92EC4736080A}.Debug|Any CPU.ActiveCfg = Debug|Any CPU
		{0A321D05-15C0-4923-B0A9-92EC4736080A}.Debug|Any CPU.Build.0 = Debug|Any CPU
		{0A321D05-15C0-4923-B0A9-92EC4736080A}.Release|Any CPU.ActiveCfg = Release|Any CPU
		{0A321D05-15C0-4923-B0A9-92EC4736080A}.Release|Any CPU.Build.0 = Release|Any CPU
	EndGlobalSection
	GlobalSection(SolutionProperties) = preSolution
		HideSolutionNode = FALSE
	EndGlobalSection
	GlobalSection(ExtensibilityGlobals) = postSolution
		SolutionGuid = {8480DC09-91A6-4F2C-8FF5-EEC28003B6A9}
	EndGlobalSection
EndGlobal
